// !$*UTF8*$!
{
	archiveVersion = 1;
	classes = {
	};
	objectVersion = 46;
	objects = {

/* Begin PBXBuildFile section */
		FCDD64BC1EE0F71200750A06 /* main.cpp in Sources */ = {isa = PBXBuildFile; fileRef = FCDD64BB1EE0F71200750A06 /* main.cpp */; };
		FCDD64C41EE0F7BA00750A06 /* Human.cpp in Sources */ = {isa = PBXBuildFile; fileRef = FCDD64C21EE0F7BA00750A06 /* Human.cpp */; };
/* End PBXBuildFile section */

/* Begin PBXCopyFilesBuildPhase section */
		FCDD64B61EE0F71200750A06 /* CopyFiles */ = {
			isa = PBXCopyFilesBuildPhase;
			buildActionMask = 2147483647;
			dstPath = /usr/share/man/man1/;
			dstSubfolderSpec = 0;
			files = (
			);
			runOnlyForDeploymentPostprocessing = 1;
		};
/* End PBXCopyFilesBuildPhase section */

/* Begin PBXFileReference section */
		FCDD64B81EE0F71200750A06 /* InterView_CPP */ = {isa = PBXFileReference; explicitFileType = "compiled.mach-o.executable"; includeInIndex = 0; path = InterView_CPP; sourceTree = BUILT_PRODUCTS_DIR; };
		FCDD64BB1EE0F71200750A06 /* main.cpp */ = {isa = PBXFileReference; lastKnownFileType = sourcecode.cpp.cpp; path = main.cpp; sourceTree = "<group>"; };
		FCDD64C21EE0F7BA00750A06 /* Human.cpp */ = {isa = PBXFileReference; fileEncoding = 4; lastKnownFileType = sourcecode.cpp.cpp; path = Human.cpp; sourceTree = "<group>"; };
		FCDD64C31EE0F7BA00750A06 /* Human.hpp */ = {isa = PBXFileReference; fileEncoding = 4; lastKnownFileType = sourcecode.cpp.h; path = Human.hpp; sourceTree = "<group>"; };
/* End PBXFileReference section */

/* Begin PBXFrameworksBuildPhase section */
		FCDD64B51EE0F71200750A06 /* Frameworks */ = {
			isa = PBXFrameworksBuildPhase;
			buildActionMask = 2147483647;
			files = (
			);
			runOnlyForDeploymentPostprocessing = 0;
		};
/* End PBXFrameworksBuildPhase section */

/* Begin PBXGroup section */
		FCDD64AF1EE0F71200750A06 = {
			isa = PBXGroup;
			children = (
				FCDD64BA1EE0F71200750A06 /* InterView_CPP */,
				FCDD64B91EE0F71200750A06 /* Products */,
			);
			sourceTree = "<group>";
		};
		FCDD64B91EE0F71200750A06 /* Products */ = {
			isa = PBXGroup;
			children = (
				FCDD64B81EE0F71200750A06 /* InterView_CPP */,
			);
			name = Products;
			sourceTree = "<group>";
		};
		FCDD64BA1EE0F71200750A06 /* InterView_CPP */ = {
			isa = PBXGroup;
			children = (
				FCDD64BB1EE0F71200750A06 /* main.cpp */,
				FCDD64C21EE0F7BA00750A06 /* Human.cpp */,
				FCDD64C31EE0F7BA00750A06 /* Human.hpp */,
			);
			path = InterView_CPP;
			sourceTree = "<group>";
		};
/* End PBXGroup section */

/* Begin PBXNativeTarget section */
		FCDD64B71EE0F71200750A06 /* InterView_CPP */ = {
			isa = PBXNativeTarget;
			buildConfigurationList = FCDD64BF1EE0F71200750A06 /* Build configuration list for PBXNativeTarget "InterView_CPP" */;
			buildPhases = (
				FCDD64B41EE0F71200750A06 /* Sources */,
				FCDD64B51EE0F71200750A06 /* Frameworks */,
				FCDD64B61EE0F71200750A06 /* CopyFiles */,
			);
			buildRules = (
			);
			dependencies = (
			);
			name = InterView_CPP;
			productName = InterView_CPP;
			productReference = FCDD64B81EE0F71200750A06 /* InterView_CPP */;
			productType = "com.apple.product-type.tool";
		};
/* End PBXNativeTarget section */

/* Begin PBXProject section */
		FCDD64B01EE0F71200750A06 /* Project object */ = {
			isa = PBXProject;
			attributes = {
				LastUpgradeCheck = 0800;
				ORGANIZATIONNAME = konglee;
				TargetAttributes = {
					FCDD64B71EE0F71200750A06 = {
						CreatedOnToolsVersion = 8.0;
						DevelopmentTeam = 628LRYYF8F;
						ProvisioningStyle = Automatic;
					};
				};
			};
			buildConfigurationList = FCDD64B31EE0F71200750A06 /* Build configuration list for PBXProject "InterView_CPP" */;
			compatibilityVersion = "Xcode 3.2";
			developmentRegion = English;
			hasScannedForEncodings = 0;
			knownRegions = (
				en,
			);
			mainGroup = FCDD64AF1EE0F71200750A06;
			productRefGroup = FCDD64B91EE0F71200750A06 /* Products */;
			projectDirPath = "";
			projectRoot = "";
			targets = (
				FCDD64B71EE0F71200750A06 /* InterView_CPP */,
			);
		};
/* End PBXProject section */

/* Begin PBXSourcesBuildPhase section */
		FCDD64B41EE0F71200750A06 /* Sources */ = {
			isa = PBXSourcesBuildPhase;
			buildActionMask = 2147483647;
			files = (
				FCDD64BC1EE0F71200750A06 /* main.cpp in Sources */,
				FCDD64C41EE0F7BA00750A06 /* Human.cpp in Sources */,
			);
			runOnlyForDeploymentPostprocessing = 0;
		};
/* End PBXSourcesBuildPhase section */

/* Begin XCBuildConfiguration section */
		FCDD64BD1EE0F71200750A06 /* Debug */ = {
			isa = XCBuildConfiguration;
			buildSettings = {
				ALWAYS_SEARCH_USER_PATHS = NO;
				CLANG_ANALYZER_NONNULL = YES;
				CLANG_CXX_LANGUAGE_STANDARD = "gnu++0x";
				CLANG_CXX_LIBRARY = "libc++";
				CLANG_ENABLE_MODULES = YES;
				CLANG_ENABLE_OBJC_ARC = YES;
				CLANG_WARN_BOOL_CONVERSION = YES;
				CLANG_WARN_CONSTANT_CONVERSION = YES;
				CLANG_WARN_DIRECT_OBJC_ISA_USAGE = YES_ERROR;
				CLANG_WARN_DOCUMENTATION_COMMENTS = YES;
				CLANG_WARN_EMPTY_BODY = YES;
				CLANG_WARN_ENUM_CONVERSION = YES;
				CLANG_WARN_INFINITE_RECURSION = YES;
				CLANG_WARN_INT_CONVERSION = YES;
				CLANG_WARN_OBJC_ROOT_CLASS = YES_ERROR;
				CLANG_WARN_SUSPICIOUS_MOVES = YES;
				CLANG_WARN_UNREACHABLE_CODE = YES;
				CLANG_WARN__DUPLICATE_METHOD_MATCH = YES;
				CODE_SIGN_IDENTITY = "-";
				COPY_PHASE_STRIP = NO;
				DEBUG_INFORMATION_FORMAT = dwarf;
				ENABLE_STRICT_OBJC_MSGSEND = YES;
				ENABLE_TESTABILITY = YES;
				GCC_C_LANGUAGE_STANDARD = gnu99;
				GCC_DYNAMIC_NO_PIC = NO;
				GCC_NO_COMMON_BLOCKS = YES;
				GCC_OPTIMIZATION_LEVEL = 0;
				GCC_PREPROCESSOR_DEFINITIONS = (
					"DEBUG=1",
					"$(inherited)",
				);
				GCC_WARN_64_TO_32_BIT_CONVERSION = YES;
				GCC_WARN_ABOUT_RETURN_TYPE = YES_ERROR;
				GCC_WARN_UNDECLARED_SELECTOR = YES;
				GCC_WARN_UNINITIALIZED_AUTOS = YES_AGGRESSIVE;
				GCC_WARN_UNUSED_FUNCTION = YES;
				GCC_WARN_UNUSED_VARIABLE = YES;
				MACOSX_DEPLOYMENT_TARGET = 10.11;
				MTL_ENABLE_DEBUG_INFO = YES;
				ONLY_ACTIVE_ARCH = YES;
				SDKROOT = macosx;
			};
			name = Debug;
		};
		FCDD64BE1EE0F71200750A06 /* Release */ = {
			isa = XCBuildConfiguration;
			buildSettings = {
				ALWAYS_SEARCH_USER_PATHS = NO;
				CLANG_ANALYZER_NONNULL = YES;
				CLANG_CXX_LANGUAGE_STANDARD = "gnu++0x";
				CLANG_CXX_LIBRARY = "libc++";
				CLANG_ENABLE_MODULES = YES;
				CLANG_ENABLE_OBJC_ARC = YES;
				CLANG_WARN_BOOL_CONVERSION = YES;
				CLANG_WARN_CONSTANT_CONVERSION = YES;
				CLANG_WARN_DIRECT_OBJC_ISA_USAGE = YES_ERROR;
				CLANG_WARN_DOCUMENTATION_COMMENTS = YES;
				CLANG_WARN_EMPTY_BODY = YES;
				CLANG_WARN_ENUM_CONVERSION = YES;
				CLANG_WARN_INFINITE_RECURSION = YES;
				CLANG_WARN_INT_CONVERSION = YES;
				CLANG_WARN_OBJC_ROOT_CLASS = YES_ERROR;
				CLANG_WARN_SUSPICIOUS_MOVES = YES;
				CLANG_WARN_UNREACHABLE_CODE = YES;
				CLANG_WARN__DUPLICATE_METHOD_MATCH = YES;
				CODE_SIGN_IDENTITY = "-";
				COPY_PHASE_STRIP = NO;
				DEBUG_INFORMATION_FORMAT = "dwarf-with-dsym";
				ENABLE_NS_ASSERTIONS = NO;
				ENABLE_STRICT_OBJC_MSGSEND = YES;
				GCC_C_LANGUAGE_STANDARD = gnu99;
				GCC_NO_COMMON_BLOCKS = YES;
				GCC_WARN_64_TO_32_BIT_CONVERSION = YES;
				GCC_WARN_ABOUT_RETURN_TYPE = YES_ERROR;
				GCC_WARN_UNDECLARED_SELECTOR = YES;
				GCC_WARN_UNINITIALIZED_AUTOS = YES_AGGRESSIVE;
				GCC_WARN_UNUSED_FUNCTION = YES;
				GCC_WARN_UNUSED_VARIABLE = YES;
				MACOSX_DEPLOYMENT_TARGET = 10.11;
				MTL_ENABLE_DEBUG_INFO = NO;
				SDKROOT = macosx;
			};
			name = Release;
		};
		FCDD64C01EE0F71200750A06 /* Debug */ = {
			isa = XCBuildConfiguration;
			buildSettings = {
				DEVELOPMENT_TEAM = 628LRYYF8F;
				PRODUCT_NAME = "$(TARGET_NAME)";
			};
			name = Debug;
		};
		FCDD64C11EE0F71200750A06 /* Release */ = {
			isa = XCBuildConfiguration;
			buildSettings = {
				DEVELOPMENT_TEAM = 628LRYYF8F;
				PRODUCT_NAME = "$(TARGET_NAME)";
			};
			name = Release;
		};
/* End XCBuildConfiguration section */

/* Begin XCConfigurationList section */
		FCDD64B31EE0F71200750A06 /* Build configuration list for PBXProject "InterView_CPP" */ = {
			isa = XCConfigurationList;
			buildConfigurations = (
				FCDD64BD1EE0F71200750A06 /* Debug */,
				FCDD64BE1EE0F71200750A06 /* Release */,
			);
			defaultConfigurationIsVisible = 0;
			defaultConfigurationName = Release;
		};
		FCDD64BF1EE0F71200750A06 /* Build configuration list for PBXNativeTarget "InterView_CPP" */ = {
			isa = XCConfigurationList;
			buildConfigurations = (
				FCDD64C01EE0F71200750A06 /* Debug */,
				FCDD64C11EE0F71200750A06 /* Release */,
			);
			defaultConfigurationIsVisible = 0;
		};
/* End XCConfigurationList section */
	};
	rootObject = FCDD64B01EE0F71200750A06 /* Project object */;
}
